
Microsoft Visual Studio Solution File, Format Version 11.00
# Visual Studio 2010
Project("{FAE04EC0-301F-11D3-BF4B-00C04F79EFBC}") = "LinBookMark", "LinBookMark.csproj", "{6190bcb5-2e18-b53c-715a-f051879ece1a}"
EndProject
Project("{FAE04EC0-301F-11D3-BF4B-00C04F79EFBC}") = "Assembly-CSharp", "Assembly-CSharp.csproj", "{8e5171ed-6bd3-4220-6496-3c40f1c5f11d}"
EndProject
Project("{FAE04EC0-301F-11D3-BF4B-00C04F79EFBC}") = "Assembly-CSharp-Editor-firstpass", "Assembly-CSharp-Editor-firstpass.csproj", "{cae44274-acac-762f-f171-af687f06b6cd}"
EndProject
Project("{FAE04EC0-301F-11D3-BF4B-00C04F79EFBC}") = "Assembly-CSharp-Editor", "Assembly-CSharp-Editor.csproj", "{2df60176-187d-7b20-7eab-6979812b3874}"
EndProject
Project("{FAE04EC0-301F-11D3-BF4B-00C04F79EFBC}") = "Assembly-CSharp-firstpass", "Assembly-CSharp-firstpass.csproj", "{6673bde5-26cb-bffe-42bf-f8c86e30ace0}"
EndProject
Global
	GlobalSection(SolutionConfigurationPlatforms) = preSolution
		Debug|Any CPU = Debug|Any CPU
	EndGlobalSection
	GlobalSection(ProjectConfigurationPlatforms) = postSolution
		{6190bcb5-2e18-b53c-715a-f051879ece1a}.Debug|Any CPU.ActiveCfg = Debug|Any CPU
		{6190bcb5-2e18-b53c-715a-f051879ece1a}.Debug|Any CPU.Build.0 = Debug|Any CPU
		{8e5171ed-6bd3-4220-6496-3c40f1c5f11d}.Debug|Any CPU.ActiveCfg = Debug|Any CPU
		{8e5171ed-6bd3-4220-6496-3c40f1c5f11d}.Debug|Any CPU.Build.0 = Debug|Any CPU
		{cae44274-acac-762f-f171-af687f06b6cd}.Debug|Any CPU.ActiveCfg = Debug|Any CPU
		{cae44274-acac-762f-f171-af687f06b6cd}.Debug|Any CPU.Build.0 = Debug|Any CPU
		{2df60176-187d-7b20-7eab-6979812b3874}.Debug|Any CPU.ActiveCfg = Debug|Any CPU
		{2df60176-187d-7b20-7eab-6979812b3874}.Debug|Any CPU.Build.0 = Debug|Any CPU
		{6673bde5-26cb-bffe-42bf-f8c86e30ace0}.Debug|Any CPU.ActiveCfg = Debug|Any CPU
		{6673bde5-26cb-bffe-42bf-f8c86e30ace0}.Debug|Any CPU.Build.0 = Debug|Any CPU
	EndGlobalSection
	GlobalSection(SolutionProperties) = preSolution
		HideSolutionNode = FALSE
	EndGlobalSection
EndGlobal
