
Microsoft Visual Studio Solution File, Format Version 12.00
# Visual Studio 15
VisualStudioVersion = 15.0.28307.1340
MinimumVisualStudioVersion = 10.0.40219.1
Project("{FAE04EC0-301F-11D3-BF4B-00C04F79EFBC}") = "LinkBookMarkDLL", "LinkBookMarkDLL\LinkBookMarkDLL.csproj", "{AE7D54D6-FEC9-48E9-8B18-3D863C3DDBD2}"
EndProject
Global
	GlobalSection(SolutionConfigurationPlatforms) = preSolution
		Debug|Any CPU = Debug|Any CPU
		Release|Any CPU = Release|Any CPU
	EndGlobalSection
	GlobalSection(ProjectConfigurationPlatforms) = postSolution
		{AE7D54D6-FEC9-48E9-8B18-3D863C3DDBD2}.Debug|Any CPU.ActiveCfg = Debug|Any CPU
		{AE7D54D6-FEC9-48E9-8B18-3D863C3DDBD2}.Debug|Any CPU.Build.0 = Debug|Any CPU
		{AE7D54D6-FEC9-48E9-8B18-3D863C3DDBD2}.Release|Any CPU.ActiveCfg = Release|Any CPU
		{AE7D54D6-FEC9-48E9-8B18-3D863C3DDBD2}.Release|Any CPU.Build.0 = Release|Any CPU
	EndGlobalSection
	GlobalSection(SolutionProperties) = preSolution
		HideSolutionNode = FALSE
	EndGlobalSection
	GlobalSection(ExtensibilityGlobals) = postSolution
		SolutionGuid = {576DF69A-FA36-418F-B311-C0143EF647F3}
	EndGlobalSection
EndGlobal
